<?xml version="1.0" encoding="utf-8"?>
<Project ToolsVersion="4.0" xmlns="http://schemas.microsoft.com/developer/msbuild/2003">
  <ItemGroup>
    <Filter Include="源文件">
      <UniqueIdentifier>{4FC737F1-C7A5-4376-A066-2A32D752A2FF}</UniqueIdentifier>
      <Extensions>cpp;c;cc;cxx;def;odl;idl;hpj;bat;asm;asmx</Extensions>
    </Filter>
    <Filter Include="头文件">
      <UniqueIdentifier>{93995380-89BD-4b04-88EB-625FBE52EBFB}</UniqueIdentifier>
      <Extensions>h;hpp;hxx;hm;inl;inc;xsd</Extensions>
    </Filter>
    <Filter Include="资源文件">
      <UniqueIdentifier>{67DA6AB6-F800-4c08-8B7A-83BB121AAD01}</UniqueIdentifier>
      <Extensions>rc;ico;cur;bmp;dlg;rc2;rct;bin;rgs;gif;jpg;jpeg;jpe;resx;tiff;tif;png;wav;mfcribbon-ms</Extensions>
    </Filter>
  </ItemGroup>
  <ItemGroup>
    <ClInclude Include="CReRgb.h">
      <Filter>头文件</Filter>
    </ClInclude>
    <ClInclude Include="ClineStreach.h">
      <Filter>头文件</Filter>
    </ClInclude>
    <ClInclude Include="CComputeHSI.h">
      <Filter>头文件</Filter>
    </ClInclude>
    <ClInclude Include="CSingleLineStrech.h">
      <Filter>头文件</Filter>
    </ClInclude>
    <ClInclude Include="CComJ.h">
      <Filter>头文件</Filter>
    </ClInclude>
    <ClInclude Include="COtsu.h">
      <Filter>头文件</Filter>
    </ClInclude>
    <ClInclude Include="CHistogramEqualization.h">
      <Filter>头文件</Filter>
    </ClInclude>
    <ClInclude Include="CSingleLineStrech_Gbyte.h">
      <Filter>头文件</Filter>
    </ClInclude>
    <ClInclude Include="CCompare.h">
      <Filter>头文件</Filter>
    </ClInclude>
    <ClInclude Include="CBilateralFiltering.h">
      <Filter>头文件</Filter>
    </ClInclude>
    <ClInclude Include="CComp_Id.h">
      <Filter>头文件</Filter>
    </ClInclude>
    <ClInclude Include="COtsu_Float.h">
      <Filter>头文件</Filter>
    </ClInclude>
    <ClInclude Include="COtsu_1.h">
      <Filter>头文件</Filter>
    </ClInclude>
    <ClInclude Include="Include.h">
      <Filter>头文件</Filter>
    </ClInclude>
    <ClInclude Include="COtsu_2.h">
      <Filter>头文件</Filter>
    </ClInclude>
    <ClInclude Include="CCompare_IR.h">
      <Filter>头文件</Filter>
    </ClInclude>
    <ClInclude Include="CEageCloude.h">
      <Filter>头文件</Filter>
    </ClInclude>
    <ClInclude Include="CCloudExpansion.h">
      <Filter>头文件</Filter>
    </ClInclude>
    <ClInclude Include="CThickCloud.h">
      <Filter>头文件</Filter>
    </ClInclude>
    <ClInclude Include="CExpansion.h">
      <Filter>头文件</Filter>
    </ClInclude>
  </ItemGroup>
  <ItemGroup>
    <ClCompile Include="CReRGB.cpp">
      <Filter>源文件</Filter>
    </ClCompile>
    <ClCompile Include="main.cpp">
      <Filter>源文件</Filter>
    </ClCompile>
    <ClCompile Include="ClineStreach.cpp">
      <Filter>源文件</Filter>
    </ClCompile>
    <ClCompile Include="CComputeHSI.cpp">
      <Filter>源文件</Filter>
    </ClCompile>
    <ClCompile Include="CSingleLineStreach.cpp">
      <Filter>源文件</Filter>
    </ClCompile>
    <ClCompile Include="CComJ.cpp">
      <Filter>源文件</Filter>
    </ClCompile>
    <ClCompile Include="COtsu.cpp">
      <Filter>源文件</Filter>
    </ClCompile>
    <ClCompile Include="CHistogramEqualization.cpp">
      <Filter>源文件</Filter>
    </ClCompile>
    <ClCompile Include="CSingleLineStrech_Gbyte.cpp">
      <Filter>源文件</Filter>
    </ClCompile>
    <ClCompile Include="CCompare.cpp">
      <Filter>源文件</Filter>
    </ClCompile>
    <ClCompile Include="CBilateralFiltering.cpp">
      <Filter>源文件</Filter>
    </ClCompile>
    <ClCompile Include="CComp_Id.cpp">
      <Filter>源文件</Filter>
    </ClCompile>
    <ClCompile Include="COtsu_Float.cpp">
      <Filter>源文件</Filter>
    </ClCompile>
    <ClCompile Include="COtsu_1.cpp">
      <Filter>源文件</Filter>
    </ClCompile>
    <ClCompile Include="COtsu_2.cpp">
      <Filter>源文件</Filter>
    </ClCompile>
    <ClCompile Include="CCompare_IR.cpp">
      <Filter>源文件</Filter>
    </ClCompile>
    <ClCompile Include="CEageClode.cpp">
      <Filter>源文件</Filter>
    </ClCompile>
    <ClCompile Include="CCloudExpansion.cpp">
      <Filter>源文件</Filter>
    </ClCompile>
    <ClCompile Include="CThickCloud.cpp">
      <Filter>源文件</Filter>
    </ClCompile>
    <ClCompile Include="CExpansion.cpp">
      <Filter>源文件</Filter>
    </ClCompile>
  </ItemGroup>
</Project>